// !$*UTF8*$!
{
	archiveVersion = 1;
	classes = {
	};
	objectVersion = 56;
	objects = {

/* Begin PBXBuildFile section */
		2C5BDABD2AA3611000DBEC93 /* velibtrackerApp.swift in Sources */ = {isa = PBXBuildFile; fileRef = 2C5BDABC2AA3611000DBEC93 /* velibtrackerApp.swift */; };
		2C5BDABF2AA3611000DBEC93 /* ContentView.swift in Sources */ = {isa = PBXBuildFile; fileRef = 2C5BDABE2AA3611000DBEC93 /* ContentView.swift */; };
		2C5BDAC12AA3611000DBEC93 /* Assets.xcassets in Resources */ = {isa = PBXBuildFile; fileRef = 2C5BDAC02AA3611000DBEC93 /* Assets.xcassets */; };
		2C5BDAC52AA3611000DBEC93 /* Preview Assets.xcassets in Resources */ = {isa = PBXBuildFile; fileRef = 2C5BDAC42AA3611000DBEC93 /* Preview Assets.xcassets */; };
		2CDC317E2AA3654800BF98B9 /* VelibStationStruct.swift in Sources */ = {isa = PBXBuildFile; fileRef = 2CDC317D2AA3654800BF98B9 /* VelibStationStruct.swift */; };
		2CDC31802AA3672600BF98B9 /* StationComponent.swift in Sources */ = {isa = PBXBuildFile; fileRef = 2CDC317F2AA3672600BF98B9 /* StationComponent.swift */; };
		2CDC31822AA387AB00BF98B9 /* fetchVelibData.swift in Sources */ = {isa = PBXBuildFile; fileRef = 2CDC31812AA387AB00BF98B9 /* fetchVelibData.swift */; };
/* End PBXBuildFile section */

/* Begin PBXFileReference section */
		2C5BDAB92AA3611000DBEC93 /* velibtracker.app */ = {isa = PBXFileReference; explicitFileType = wrapper.application; includeInIndex = 0; path = velibtracker.app; sourceTree = BUILT_PRODUCTS_DIR; };
		2C5BDABC2AA3611000DBEC93 /* velibtrackerApp.swift */ = {isa = PBXFileReference; lastKnownFileType = sourcecode.swift; path = velibtrackerApp.swift; sourceTree = "<group>"; };
		2C5BDABE2AA3611000DBEC93 /* ContentView.swift */ = {isa = PBXFileReference; lastKnownFileType = sourcecode.swift; path = ContentView.swift; sourceTree = "<group>"; };
		2C5BDAC02AA3611000DBEC93 /* Assets.xcassets */ = {isa = PBXFileReference; lastKnownFileType = folder.assetcatalog; path = Assets.xcassets; sourceTree = "<group>"; };
		2C5BDAC22AA3611000DBEC93 /* velibtracker.entitlements */ = {isa = PBXFileReference; lastKnownFileType = text.plist.entitlements; path = velibtracker.entitlements; sourceTree = "<group>"; };
		2C5BDAC42AA3611000DBEC93 /* Preview Assets.xcassets */ = {isa = PBXFileReference; lastKnownFileType = folder.assetcatalog; path = "Preview Assets.xcassets"; sourceTree = "<group>"; };
		2CDC317D2AA3654800BF98B9 /* VelibStationStruct.swift */ = {isa = PBXFileReference; lastKnownFileType = sourcecode.swift; path = VelibStationStruct.swift; sourceTree = "<group>"; };
		2CDC317F2AA3672600BF98B9 /* StationComponent.swift */ = {isa = PBXFileReference; lastKnownFileType = sourcecode.swift; path = StationComponent.swift; sourceTree = "<group>"; };
		2CDC31812AA387AB00BF98B9 /* fetchVelibData.swift */ = {isa = PBXFileReference; lastKnownFileType = sourcecode.swift; path = fetchVelibData.swift; sourceTree = "<group>"; };
/* End PBXFileReference section */

/* Begin PBXFrameworksBuildPhase section */
		2C5BDAB62AA3611000DBEC93 /* Frameworks */ = {
			isa = PBXFrameworksBuildPhase;
			buildActionMask = 2147483647;
			files = (
			);
			runOnlyForDeploymentPostprocessing = 0;
		};
/* End PBXFrameworksBuildPhase section */

/* Begin PBXGroup section */
		2C5BDAB02AA3611000DBEC93 = {
			isa = PBXGroup;
			children = (
				2C5BDABB2AA3611000DBEC93 /* velibtracker */,
				2C5BDABA2AA3611000DBEC93 /* Products */,
			);
			sourceTree = "<group>";
		};
		2C5BDABA2AA3611000DBEC93 /* Products */ = {
			isa = PBXGroup;
			children = (
				2C5BDAB92AA3611000DBEC93 /* velibtracker.app */,
			);
			name = Products;
			sourceTree = "<group>";
		};
		2C5BDABB2AA3611000DBEC93 /* velibtracker */ = {
			isa = PBXGroup;
			children = (
				2CDC317C2AA3653200BF98B9 /* struct */,
				2C5BDACB2AA3632C00DBEC93 /* components */,
				2C5BDABC2AA3611000DBEC93 /* velibtrackerApp.swift */,
				2C5BDABE2AA3611000DBEC93 /* ContentView.swift */,
				2C5BDAC02AA3611000DBEC93 /* Assets.xcassets */,
				2C5BDAC22AA3611000DBEC93 /* velibtracker.entitlements */,
				2C5BDAC32AA3611000DBEC93 /* Preview Content */,
				2CDC31812AA387AB00BF98B9 /* fetchVelibData.swift */,
			);
			path = velibtracker;
			sourceTree = "<group>";
		};
		2C5BDAC32AA3611000DBEC93 /* Preview Content */ = {
			isa = PBXGroup;
			children = (
				2C5BDAC42AA3611000DBEC93 /* Preview Assets.xcassets */,
			);
			path = "Preview Content";
			sourceTree = "<group>";
		};
		2C5BDACB2AA3632C00DBEC93 /* components */ = {
			isa = PBXGroup;
			children = (
				2CDC317F2AA3672600BF98B9 /* StationComponent.swift */,
			);
			path = components;
			sourceTree = "<group>";
		};
		2CDC317C2AA3653200BF98B9 /* struct */ = {
			isa = PBXGroup;
			children = (
				2CDC317D2AA3654800BF98B9 /* VelibStationStruct.swift */,
			);
			path = struct;
			sourceTree = "<group>";
		};
/* End PBXGroup section */

/* Begin PBXNativeTarget section */
		2C5BDAB82AA3611000DBEC93 /* velibtracker */ = {
			isa = PBXNativeTarget;
			buildConfigurationList = 2C5BDAC82AA3611000DBEC93 /* Build configuration list for PBXNativeTarget "velibtracker" */;
			buildPhases = (
				2C5BDAB52AA3611000DBEC93 /* Sources */,
				2C5BDAB62AA3611000DBEC93 /* Frameworks */,
				2C5BDAB72AA3611000DBEC93 /* Resources */,
			);
			buildRules = (
			);
			dependencies = (
			);
			name = velibtracker;
			productName = velibtracker;
			productReference = 2C5BDAB92AA3611000DBEC93 /* velibtracker.app */;
			productType = "com.apple.product-type.application";
		};
/* End PBXNativeTarget section */

/* Begin PBXProject section */
		2C5BDAB12AA3611000DBEC93 /* Project object */ = {
			isa = PBXProject;
			attributes = {
				BuildIndependentTargetsInParallel = 1;
				LastSwiftUpdateCheck = 1430;
				LastUpgradeCheck = 1430;
				TargetAttributes = {
					2C5BDAB82AA3611000DBEC93 = {
						CreatedOnToolsVersion = 14.3.1;
					};
				};
			};
			buildConfigurationList = 2C5BDAB42AA3611000DBEC93 /* Build configuration list for PBXProject "velibtracker" */;
			compatibilityVersion = "Xcode 14.0";
			developmentRegion = en;
			hasScannedForEncodings = 0;
			knownRegions = (
				en,
				Base,
			);
			mainGroup = 2C5BDAB02AA3611000DBEC93;
			productRefGroup = 2C5BDABA2AA3611000DBEC93 /* Products */;
			projectDirPath = "";
			projectRoot = "";
			targets = (
				2C5BDAB82AA3611000DBEC93 /* velibtracker */,
			);
		};
/* End PBXProject section */

/* Begin PBXResourcesBuildPhase section */
		2C5BDAB72AA3611000DBEC93 /* Resources */ = {
			isa = PBXResourcesBuildPhase;
			buildActionMask = 2147483647;
			files = (
				2C5BDAC52AA3611000DBEC93 /* Preview Assets.xcassets in Resources */,
				2C5BDAC12AA3611000DBEC93 /* Assets.xcassets in Resources */,
			);
			runOnlyForDeploymentPostprocessing = 0;
		};
/* End PBXResourcesBuildPhase section */

/* Begin PBXSourcesBuildPhase section */
		2C5BDAB52AA3611000DBEC93 /* Sources */ = {
			isa = PBXSourcesBuildPhase;
			buildActionMask = 2147483647;
			files = (
				2CDC317E2AA3654800BF98B9 /* VelibStationStruct.swift in Sources */,
				2C5BDABF2AA3611000DBEC93 /* ContentView.swift in Sources */,
				2CDC31822AA387AB00BF98B9 /* fetchVelibData.swift in Sources */,
				2CDC31802AA3672600BF98B9 /* StationComponent.swift in Sources */,
				2C5BDABD2AA3611000DBEC93 /* velibtrackerApp.swift in Sources */,
			);
			runOnlyForDeploymentPostprocessing = 0;
		};
/* End PBXSourcesBuildPhase section */

/* Begin XCBuildConfiguration section */
		2C5BDAC62AA3611000DBEC93 /* Debug */ = {
			isa = XCBuildConfiguration;
			buildSettings = {
				ALWAYS_SEARCH_USER_PATHS = NO;
				CLANG_ANALYZER_NONNULL = YES;
				CLANG_ANALYZER_NUMBER_OBJECT_CONVERSION = YES_AGGRESSIVE;
				CLANG_CXX_LANGUAGE_STANDARD = "gnu++20";
				CLANG_ENABLE_MODULES = YES;
				CLANG_ENABLE_OBJC_ARC = YES;
				CLANG_ENABLE_OBJC_WEAK = YES;
				CLANG_WARN_BLOCK_CAPTURE_AUTORELEASING = YES;
				CLANG_WARN_BOOL_CONVERSION = YES;
				CLANG_WARN_COMMA = YES;
				CLANG_WARN_CONSTANT_CONVERSION = YES;
				CLANG_WARN_DEPRECATED_OBJC_IMPLEMENTATIONS = YES;
				CLANG_WARN_DIRECT_OBJC_ISA_USAGE = YES_ERROR;
				CLANG_WARN_DOCUMENTATION_COMMENTS = YES;
				CLANG_WARN_EMPTY_BODY = YES;
				CLANG_WARN_ENUM_CONVERSION = YES;
				CLANG_WARN_INFINITE_RECURSION = YES;
				CLANG_WARN_INT_CONVERSION = YES;
				CLANG_WARN_NON_LITERAL_NULL_CONVERSION = YES;
				CLANG_WARN_OBJC_IMPLICIT_RETAIN_SELF = YES;
				CLANG_WARN_OBJC_LITERAL_CONVERSION = YES;
				CLANG_WARN_OBJC_ROOT_CLASS = YES_ERROR;
				CLANG_WARN_QUOTED_INCLUDE_IN_FRAMEWORK_HEADER = YES;
				CLANG_WARN_RANGE_LOOP_ANALYSIS = YES;
				CLANG_WARN_STRICT_PROTOTYPES = YES;
				CLANG_WARN_SUSPICIOUS_MOVE = YES;
				CLANG_WARN_UNGUARDED_AVAILABILITY = YES_AGGRESSIVE;
				CLANG_WARN_UNREACHABLE_CODE = YES;
				CLANG_WARN__DUPLICATE_METHOD_MATCH = YES;
				COPY_PHASE_STRIP = NO;
				DEBUG_INFORMATION_FORMAT = dwarf;
				ENABLE_STRICT_OBJC_MSGSEND = YES;
				ENABLE_TESTABILITY = YES;
				GCC_C_LANGUAGE_STANDARD = gnu11;
				GCC_DYNAMIC_NO_PIC = NO;
				GCC_NO_COMMON_BLOCKS = YES;
				GCC_OPTIMIZATION_LEVEL = 0;
				GCC_PREPROCESSOR_DEFINITIONS = (
					"DEBUG=1",
					"$(inherited)",
				);
				GCC_WARN_64_TO_32_BIT_CONVERSION = YES;
				GCC_WARN_ABOUT_RETURN_TYPE = YES_ERROR;
				GCC_WARN_UNDECLARED_SELECTOR = YES;
				GCC_WARN_UNINITIALIZED_AUTOS = YES_AGGRESSIVE;
				GCC_WARN_UNUSED_FUNCTION = YES;
				GCC_WARN_UNUSED_VARIABLE = YES;
				MTL_ENABLE_DEBUG_INFO = INCLUDE_SOURCE;
				MTL_FAST_MATH = YES;
				ONLY_ACTIVE_ARCH = YES;
				SWIFT_ACTIVE_COMPILATION_CONDITIONS = DEBUG;
				SWIFT_OPTIMIZATION_LEVEL = "-Onone";
			};
			name = Debug;
		};
		2C5BDAC72AA3611000DBEC93 /* Release */ = {
			isa = XCBuildConfiguration;
			buildSettings = {
				ALWAYS_SEARCH_USER_PATHS = NO;
				CLANG_ANALYZER_NONNULL = YES;
				CLANG_ANALYZER_NUMBER_OBJECT_CONVERSION = YES_AGGRESSIVE;
				CLANG_CXX_LANGUAGE_STANDARD = "gnu++20";
				CLANG_ENABLE_MODULES = YES;
				CLANG_ENABLE_OBJC_ARC = YES;
				CLANG_ENABLE_OBJC_WEAK = YES;
				CLANG_WARN_BLOCK_CAPTURE_AUTORELEASING = YES;
				CLANG_WARN_BOOL_CONVERSION = YES;
				CLANG_WARN_COMMA = YES;
				CLANG_WARN_CONSTANT_CONVERSION = YES;
				CLANG_WARN_DEPRECATED_OBJC_IMPLEMENTATIONS = YES;
				CLANG_WARN_DIRECT_OBJC_ISA_USAGE = YES_ERROR;
				CLANG_WARN_DOCUMENTATION_COMMENTS = YES;
				CLANG_WARN_EMPTY_BODY = YES;
				CLANG_WARN_ENUM_CONVERSION = YES;
				CLANG_WARN_INFINITE_RECURSION = YES;
				CLANG_WARN_INT_CONVERSION = YES;
				CLANG_WARN_NON_LITERAL_NULL_CONVERSION = YES;
				CLANG_WARN_OBJC_IMPLICIT_RETAIN_SELF = YES;
				CLANG_WARN_OBJC_LITERAL_CONVERSION = YES;
				CLANG_WARN_OBJC_ROOT_CLASS = YES_ERROR;
				CLANG_WARN_QUOTED_INCLUDE_IN_FRAMEWORK_HEADER = YES;
				CLANG_WARN_RANGE_LOOP_ANALYSIS = YES;
				CLANG_WARN_STRICT_PROTOTYPES = YES;
				CLANG_WARN_SUSPICIOUS_MOVE = YES;
				CLANG_WARN_UNGUARDED_AVAILABILITY = YES_AGGRESSIVE;
				CLANG_WARN_UNREACHABLE_CODE = YES;
				CLANG_WARN__DUPLICATE_METHOD_MATCH = YES;
				COPY_PHASE_STRIP = NO;
				DEBUG_INFORMATION_FORMAT = "dwarf-with-dsym";
				ENABLE_NS_ASSERTIONS = NO;
				ENABLE_STRICT_OBJC_MSGSEND = YES;
				GCC_C_LANGUAGE_STANDARD = gnu11;
				GCC_NO_COMMON_BLOCKS = YES;
				GCC_WARN_64_TO_32_BIT_CONVERSION = YES;
				GCC_WARN_ABOUT_RETURN_TYPE = YES_ERROR;
				GCC_WARN_UNDECLARED_SELECTOR = YES;
				GCC_WARN_UNINITIALIZED_AUTOS = YES_AGGRESSIVE;
				GCC_WARN_UNUSED_FUNCTION = YES;
				GCC_WARN_UNUSED_VARIABLE = YES;
				MTL_ENABLE_DEBUG_INFO = NO;
				MTL_FAST_MATH = YES;
				SWIFT_COMPILATION_MODE = wholemodule;
				SWIFT_OPTIMIZATION_LEVEL = "-O";
			};
			name = Release;
		};
		2C5BDAC92AA3611000DBEC93 /* Debug */ = {
			isa = XCBuildConfiguration;
			buildSettings = {
				ASSETCATALOG_COMPILER_APPICON_NAME = AppIcon;
				ASSETCATALOG_COMPILER_GLOBAL_ACCENT_COLOR_NAME = AccentColor;
				CODE_SIGN_ENTITLEMENTS = velibtracker/velibtracker.entitlements;
				CODE_SIGN_STYLE = Automatic;
				CURRENT_PROJECT_VERSION = 1;
				DEVELOPMENT_ASSET_PATHS = "\"velibtracker/Preview Content\"";
				DEVELOPMENT_TEAM = E5L7NC8M9T;
				ENABLE_HARDENED_RUNTIME = YES;
				ENABLE_PREVIEWS = YES;
				GENERATE_INFOPLIST_FILE = YES;
				"INFOPLIST_KEY_UIApplicationSceneManifest_Generation[sdk=iphoneos*]" = YES;
				"INFOPLIST_KEY_UIApplicationSceneManifest_Generation[sdk=iphonesimulator*]" = YES;
				"INFOPLIST_KEY_UIApplicationSupportsIndirectInputEvents[sdk=iphoneos*]" = YES;
				"INFOPLIST_KEY_UIApplicationSupportsIndirectInputEvents[sdk=iphonesimulator*]" = YES;
				"INFOPLIST_KEY_UILaunchScreen_Generation[sdk=iphoneos*]" = YES;
				"INFOPLIST_KEY_UILaunchScreen_Generation[sdk=iphonesimulator*]" = YES;
				"INFOPLIST_KEY_UIStatusBarStyle[sdk=iphoneos*]" = UIStatusBarStyleDefault;
				"INFOPLIST_KEY_UIStatusBarStyle[sdk=iphonesimulator*]" = UIStatusBarStyleDefault;
				INFOPLIST_KEY_UISupportedInterfaceOrientations_iPad = "UIInterfaceOrientationPortrait UIInterfaceOrientationPortraitUpsideDown UIInterfaceOrientationLandscapeLeft UIInterfaceOrientationLandscapeRight";
				INFOPLIST_KEY_UISupportedInterfaceOrientations_iPhone = "UIInterfaceOrientationPortrait UIInterfaceOrientationLandscapeLeft UIInterfaceOrientationLandscapeRight";
				IPHONEOS_DEPLOYMENT_TARGET = 16.4;
				LD_RUNPATH_SEARCH_PATHS = "@executable_path/Frameworks";
				"LD_RUNPATH_SEARCH_PATHS[sdk=macosx*]" = "@executable_path/../Frameworks";
				MACOSX_DEPLOYMENT_TARGET = 13.3;
				MARKETING_VERSION = 1.0;
				PRODUCT_BUNDLE_IDENTIFIER = fr.louisgallet.velibtracker;
				PRODUCT_NAME = "$(TARGET_NAME)";
				SDKROOT = auto;
				SUPPORTED_PLATFORMS = "iphoneos iphonesimulator macosx";
				SWIFT_EMIT_LOC_STRINGS = YES;
				SWIFT_VERSION = 5.0;
				TARGETED_DEVICE_FAMILY = "1,2";
			};
			name = Debug;
		};
		2C5BDACA2AA3611000DBEC93 /* Release */ = {
			isa = XCBuildConfiguration;
			buildSettings = {
				ASSETCATALOG_COMPILER_APPICON_NAME = AppIcon;
				ASSETCATALOG_COMPILER_GLOBAL_ACCENT_COLOR_NAME = AccentColor;
				CODE_SIGN_ENTITLEMENTS = velibtracker/velibtracker.entitlements;
				CODE_SIGN_STYLE = Automatic;
				CURRENT_PROJECT_VERSION = 1;
				DEVELOPMENT_ASSET_PATHS = "\"velibtracker/Preview Content\"";
				DEVELOPMENT_TEAM = E5L7NC8M9T;
				ENABLE_HARDENED_RUNTIME = YES;
				ENABLE_PREVIEWS = YES;
				GENERATE_INFOPLIST_FILE = YES;
				"INFOPLIST_KEY_UIApplicationSceneManifest_Generation[sdk=iphoneos*]" = YES;
				"INFOPLIST_KEY_UIApplicationSceneManifest_Generation[sdk=iphonesimulator*]" = YES;
				"INFOPLIST_KEY_UIApplicationSupportsIndirectInputEvents[sdk=iphoneos*]" = YES;
				"INFOPLIST_KEY_UIApplicationSupportsIndirectInputEvents[sdk=iphonesimulator*]" = YES;
				"INFOPLIST_KEY_UILaunchScreen_Generation[sdk=iphoneos*]" = YES;
				"INFOPLIST_KEY_UILaunchScreen_Generation[sdk=iphonesimulator*]" = YES;
				"INFOPLIST_KEY_UIStatusBarStyle[sdk=iphoneos*]" = UIStatusBarStyleDefault;
				"INFOPLIST_KEY_UIStatusBarStyle[sdk=iphonesimulator*]" = UIStatusBarStyleDefault;
				INFOPLIST_KEY_UISupportedInterfaceOrientations_iPad = "UIInterfaceOrientationPortrait UIInterfaceOrientationPortraitUpsideDown UIInterfaceOrientationLandscapeLeft UIInterfaceOrientationLandscapeRight";
				INFOPLIST_KEY_UISupportedInterfaceOrientations_iPhone = "UIInterfaceOrientationPortrait UIInterfaceOrientationLandscapeLeft UIInterfaceOrientationLandscapeRight";
				IPHONEOS_DEPLOYMENT_TARGET = 16.4;
				LD_RUNPATH_SEARCH_PATHS = "@executable_path/Frameworks";
				"LD_RUNPATH_SEARCH_PATHS[sdk=macosx*]" = "@executable_path/../Frameworks";
				MACOSX_DEPLOYMENT_TARGET = 13.3;
				MARKETING_VERSION = 1.0;
				PRODUCT_BUNDLE_IDENTIFIER = fr.louisgallet.velibtracker;
				PRODUCT_NAME = "$(TARGET_NAME)";
				SDKROOT = auto;
				SUPPORTED_PLATFORMS = "iphoneos iphonesimulator macosx";
				SWIFT_EMIT_LOC_STRINGS = YES;
				SWIFT_VERSION = 5.0;
				TARGETED_DEVICE_FAMILY = "1,2";
			};
			name = Release;
		};
/* End XCBuildConfiguration section */

/* Begin XCConfigurationList section */
		2C5BDAB42AA3611000DBEC93 /* Build configuration list for PBXProject "velibtracker" */ = {
			isa = XCConfigurationList;
			buildConfigurations = (
				2C5BDAC62AA3611000DBEC93 /* Debug */,
				2C5BDAC72AA3611000DBEC93 /* Release */,
			);
			defaultConfigurationIsVisible = 0;
			defaultConfigurationName = Release;
		};
		2C5BDAC82AA3611000DBEC93 /* Build configuration list for PBXNativeTarget "velibtracker" */ = {
			isa = XCConfigurationList;
			buildConfigurations = (
				2C5BDAC92AA3611000DBEC93 /* Debug */,
				2C5BDACA2AA3611000DBEC93 /* Release */,
			);
			defaultConfigurationIsVisible = 0;
			defaultConfigurationName = Release;
		};
/* End XCConfigurationList section */
	};
	rootObject = 2C5BDAB12AA3611000DBEC93 /* Project object */;
}
